
Microsoft Visual Studio Solution File, Format Version 12.00
# Visual Studio Version 17
VisualStudioVersion = 17.9.34622.214
MinimumVisualStudioVersion = 10.0.40219.1
Project("{FAE04EC0-301F-11D3-BF4B-00C04F79EFBC}") = "EcommerceApi", "EcommerceApi\EcommerceApi.csproj", "{4A4F3C5D-4C52-48F5-B1B3-928BBDAFCD15}"
EndProject
Global
	GlobalSection(SolutionConfigurationPlatforms) = preSolution
		Debug|Any CPU = Debug|Any CPU
		Release|Any CPU = Release|Any CPU
	EndGlobalSection
	GlobalSection(ProjectConfigurationPlatforms) = postSolution
		{4A4F3C5D-4C52-48F5-B1B3-928BBDAFCD15}.Debug|Any CPU.ActiveCfg = Debug|Any CPU
		{4A4F3C5D-4C52-48F5-B1B3-928BBDAFCD15}.Debug|Any CPU.Build.0 = Debug|Any CPU
		{4A4F3C5D-4C52-48F5-B1B3-928BBDAFCD15}.Release|Any CPU.ActiveCfg = Release|Any CPU
		{4A4F3C5D-4C52-48F5-B1B3-928BBDAFCD15}.Release|Any CPU.Build.0 = Release|Any CPU
	EndGlobalSection
	GlobalSection(SolutionProperties) = preSolution
		HideSolutionNode = FALSE
	EndGlobalSection
	GlobalSection(ExtensibilityGlobals) = postSolution
		SolutionGuid = {FE1A3A53-0DA2-4954-B6BA-6E0343C7EDE8}
	EndGlobalSection
EndGlobal
